// !$*UTF8*$!
{
	archiveVersion = 1;
	classes = {
	};
	objectVersion = 46;
	objects = {

/* Begin PBXBuildFile section */
		6ED9CFB8197384E700B77AF2 /* Foundation.framework in Frameworks */ = {isa = PBXBuildFile; fileRef = 6ED9CFB7197384E700B77AF2 /* Foundation.framework */; };
		6ED9CFBA197384E700B77AF2 /* CoreGraphics.framework in Frameworks */ = {isa = PBXBuildFile; fileRef = 6ED9CFB9197384E700B77AF2 /* CoreGraphics.framework */; };
		6ED9CFBC197384E700B77AF2 /* UIKit.framework in Frameworks */ = {isa = PBXBuildFile; fileRef = 6ED9CFBB197384E700B77AF2 /* UIKit.framework */; };
		6ED9CFC2197384E700B77AF2 /* InfoPlist.strings in Resources */ = {isa = PBXBuildFile; fileRef = 6ED9CFC0197384E700B77AF2 /* InfoPlist.strings */; };
		6ED9CFC4197384E700B77AF2 /* main.m in Sources */ = {isa = PBXBuildFile; fileRef = 6ED9CFC3197384E700B77AF2 /* main.m */; };
		6ED9CFC8197384E700B77AF2 /* CEAppDelegate.m in Sources */ = {isa = PBXBuildFile; fileRef = 6ED9CFC7197384E700B77AF2 /* CEAppDelegate.m */; };
		6ED9CFCB197384E700B77AF2 /* Main.storyboard in Resources */ = {isa = PBXBuildFile; fileRef = 6ED9CFC9197384E700B77AF2 /* Main.storyboard */; };
		6ED9CFCE197384E700B77AF2 /* CEViewController.m in Sources */ = {isa = PBXBuildFile; fileRef = 6ED9CFCD197384E700B77AF2 /* CEViewController.m */; };
		6ED9CFD0197384E700B77AF2 /* Images.xcassets in Resources */ = {isa = PBXBuildFile; fileRef = 6ED9CFCF197384E700B77AF2 /* Images.xcassets */; };
		6ED9CFD7197384E700B77AF2 /* XCTest.framework in Frameworks */ = {isa = PBXBuildFile; fileRef = 6ED9CFD6197384E700B77AF2 /* XCTest.framework */; };
		6ED9CFD8197384E700B77AF2 /* Foundation.framework in Frameworks */ = {isa = PBXBuildFile; fileRef = 6ED9CFB7197384E700B77AF2 /* Foundation.framework */; };
		6ED9CFD9197384E700B77AF2 /* UIKit.framework in Frameworks */ = {isa = PBXBuildFile; fileRef = 6ED9CFBB197384E700B77AF2 /* UIKit.framework */; };
		6ED9CFE1197384E700B77AF2 /* InfoPlist.strings in Resources */ = {isa = PBXBuildFile; fileRef = 6ED9CFDF197384E700B77AF2 /* InfoPlist.strings */; };
		6ED9CFE3197384E700B77AF2 /* LearnGitTests.m in Sources */ = {isa = PBXBuildFile; fileRef = 6ED9CFE2197384E700B77AF2 /* LearnGitTests.m */; };
		6ED9CFF11973A4E500B77AF2 /* CEMainViewController.m in Sources */ = {isa = PBXBuildFile; fileRef = 6ED9CFF01973A4E500B77AF2 /* CEMainViewController.m */; };
/* End PBXBuildFile section */

/* Begin PBXContainerItemProxy section */
		6ED9CFDA197384E700B77AF2 /* PBXContainerItemProxy */ = {
			isa = PBXContainerItemProxy;
			containerPortal = 6ED9CFAC197384E700B77AF2 /* Project object */;
			proxyType = 1;
			remoteGlobalIDString = 6ED9CFB3197384E700B77AF2;
			remoteInfo = LearnGit;
		};
/* End PBXContainerItemProxy section */

/* Begin PBXFileReference section */
		6ED9CFB4197384E700B77AF2 /* LearnGit.app */ = {isa = PBXFileReference; explicitFileType = wrapper.application; includeInIndex = 0; path = LearnGit.app; sourceTree = BUILT_PRODUCTS_DIR; };
		6ED9CFB7197384E700B77AF2 /* Foundation.framework */ = {isa = PBXFileReference; lastKnownFileType = wrapper.framework; name = Foundation.framework; path = System/Library/Frameworks/Foundation.framework; sourceTree = SDKROOT; };
		6ED9CFB9197384E700B77AF2 /* CoreGraphics.framework */ = {isa = PBXFileReference; lastKnownFileType = wrapper.framework; name = CoreGraphics.framework; path = System/Library/Frameworks/CoreGraphics.framework; sourceTree = SDKROOT; };
		6ED9CFBB197384E700B77AF2 /* UIKit.framework */ = {isa = PBXFileReference; lastKnownFileType = wrapper.framework; name = UIKit.framework; path = System/Library/Frameworks/UIKit.framework; sourceTree = SDKROOT; };
		6ED9CFBF197384E700B77AF2 /* LearnGit-Info.plist */ = {isa = PBXFileReference; lastKnownFileType = text.plist.xml; path = "LearnGit-Info.plist"; sourceTree = "<group>"; };
		6ED9CFC1197384E700B77AF2 /* en */ = {isa = PBXFileReference; lastKnownFileType = text.plist.strings; name = en; path = en.lproj/InfoPlist.strings; sourceTree = "<group>"; };
		6ED9CFC3197384E700B77AF2 /* main.m */ = {isa = PBXFileReference; lastKnownFileType = sourcecode.c.objc; path = main.m; sourceTree = "<group>"; };
		6ED9CFC5197384E700B77AF2 /* LearnGit-Prefix.pch */ = {isa = PBXFileReference; lastKnownFileType = sourcecode.c.h; path = "LearnGit-Prefix.pch"; sourceTree = "<group>"; };
		6ED9CFC6197384E700B77AF2 /* CEAppDelegate.h */ = {isa = PBXFileReference; lastKnownFileType = sourcecode.c.h; path = CEAppDelegate.h; sourceTree = "<group>"; };
		6ED9CFC7197384E700B77AF2 /* CEAppDelegate.m */ = {isa = PBXFileReference; lastKnownFileType = sourcecode.c.objc; path = CEAppDelegate.m; sourceTree = "<group>"; };
		6ED9CFCA197384E700B77AF2 /* Base */ = {isa = PBXFileReference; lastKnownFileType = file.storyboard; name = Base; path = Base.lproj/Main.storyboard; sourceTree = "<group>"; };
		6ED9CFCC197384E700B77AF2 /* CEViewController.h */ = {isa = PBXFileReference; lastKnownFileType = sourcecode.c.h; path = CEViewController.h; sourceTree = "<group>"; };
		6ED9CFCD197384E700B77AF2 /* CEViewController.m */ = {isa = PBXFileReference; lastKnownFileType = sourcecode.c.objc; path = CEViewController.m; sourceTree = "<group>"; };
		6ED9CFCF197384E700B77AF2 /* Images.xcassets */ = {isa = PBXFileReference; lastKnownFileType = folder.assetcatalog; path = Images.xcassets; sourceTree = "<group>"; };
		6ED9CFD5197384E700B77AF2 /* LearnGitTests.xctest */ = {isa = PBXFileReference; explicitFileType = wrapper.cfbundle; includeInIndex = 0; path = LearnGitTests.xctest; sourceTree = BUILT_PRODUCTS_DIR; };
		6ED9CFD6197384E700B77AF2 /* XCTest.framework */ = {isa = PBXFileReference; lastKnownFileType = wrapper.framework; name = XCTest.framework; path = Library/Frameworks/XCTest.framework; sourceTree = DEVELOPER_DIR; };
		6ED9CFDE197384E700B77AF2 /* LearnGitTests-Info.plist */ = {isa = PBXFileReference; lastKnownFileType = text.plist.xml; path = "LearnGitTests-Info.plist"; sourceTree = "<group>"; };
		6ED9CFE0197384E700B77AF2 /* en */ = {isa = PBXFileReference; lastKnownFileType = text.plist.strings; name = en; path = en.lproj/InfoPlist.strings; sourceTree = "<group>"; };
		6ED9CFE2197384E700B77AF2 /* LearnGitTests.m */ = {isa = PBXFileReference; lastKnownFileType = sourcecode.c.objc; path = LearnGitTests.m; sourceTree = "<group>"; };
		6ED9CFEF1973A4E500B77AF2 /* CEMainViewController.h */ = {isa = PBXFileReference; fileEncoding = 4; lastKnownFileType = sourcecode.c.h; path = CEMainViewController.h; sourceTree = "<group>"; };
		6ED9CFF01973A4E500B77AF2 /* CEMainViewController.m */ = {isa = PBXFileReference; fileEncoding = 4; lastKnownFileType = sourcecode.c.objc; path = CEMainViewController.m; sourceTree = "<group>"; };
/* End PBXFileReference section */

/* Begin PBXFrameworksBuildPhase section */
		6ED9CFB1197384E700B77AF2 /* Frameworks */ = {
			isa = PBXFrameworksBuildPhase;
			buildActionMask = 2147483647;
			files = (
				6ED9CFBA197384E700B77AF2 /* CoreGraphics.framework in Frameworks */,
				6ED9CFBC197384E700B77AF2 /* UIKit.framework in Frameworks */,
				6ED9CFB8197384E700B77AF2 /* Foundation.framework in Frameworks */,
			);
			runOnlyForDeploymentPostprocessing = 0;
		};
		6ED9CFD2197384E700B77AF2 /* Frameworks */ = {
			isa = PBXFrameworksBuildPhase;
			buildActionMask = 2147483647;
			files = (
				6ED9CFD7197384E700B77AF2 /* XCTest.framework in Frameworks */,
				6ED9CFD9197384E700B77AF2 /* UIKit.framework in Frameworks */,
				6ED9CFD8197384E700B77AF2 /* Foundation.framework in Frameworks */,
			);
			runOnlyForDeploymentPostprocessing = 0;
		};
/* End PBXFrameworksBuildPhase section */

/* Begin PBXGroup section */
		6ED9CFAB197384E700B77AF2 = {
			isa = PBXGroup;
			children = (
				6ED9CFBD197384E700B77AF2 /* LearnGit */,
				6ED9CFDC197384E700B77AF2 /* LearnGitTests */,
				6ED9CFB6197384E700B77AF2 /* Frameworks */,
				6ED9CFB5197384E700B77AF2 /* Products */,
			);
			sourceTree = "<group>";
		};
		6ED9CFB5197384E700B77AF2 /* Products */ = {
			isa = PBXGroup;
			children = (
				6ED9CFB4197384E700B77AF2 /* LearnGit.app */,
				6ED9CFD5197384E700B77AF2 /* LearnGitTests.xctest */,
			);
			name = Products;
			sourceTree = "<group>";
		};
		6ED9CFB6197384E700B77AF2 /* Frameworks */ = {
			isa = PBXGroup;
			children = (
				6ED9CFB7197384E700B77AF2 /* Foundation.framework */,
				6ED9CFB9197384E700B77AF2 /* CoreGraphics.framework */,
				6ED9CFBB197384E700B77AF2 /* UIKit.framework */,
				6ED9CFD6197384E700B77AF2 /* XCTest.framework */,
			);
			name = Frameworks;
			sourceTree = "<group>";
		};
		6ED9CFBD197384E700B77AF2 /* LearnGit */ = {
			isa = PBXGroup;
			children = (
				6ED9CFC6197384E700B77AF2 /* CEAppDelegate.h */,
				6ED9CFC7197384E700B77AF2 /* CEAppDelegate.m */,
				6ED9CFC9197384E700B77AF2 /* Main.storyboard */,
				6ED9CFCC197384E700B77AF2 /* CEViewController.h */,
				6ED9CFCD197384E700B77AF2 /* CEViewController.m */,
				6ED9CFCF197384E700B77AF2 /* Images.xcassets */,
				6ED9CFBE197384E700B77AF2 /* Supporting Files */,
				6ED9CFEF1973A4E500B77AF2 /* CEMainViewController.h */,
				6ED9CFF01973A4E500B77AF2 /* CEMainViewController.m */,
			);
			path = LearnGit;
			sourceTree = "<group>";
		};
		6ED9CFBE197384E700B77AF2 /* Supporting Files */ = {
			isa = PBXGroup;
			children = (
				6ED9CFBF197384E700B77AF2 /* LearnGit-Info.plist */,
				6ED9CFC0197384E700B77AF2 /* InfoPlist.strings */,
				6ED9CFC3197384E700B77AF2 /* main.m */,
				6ED9CFC5197384E700B77AF2 /* LearnGit-Prefix.pch */,
			);
			name = "Supporting Files";
			sourceTree = "<group>";
		};
		6ED9CFDC197384E700B77AF2 /* LearnGitTests */ = {
			isa = PBXGroup;
			children = (
				6ED9CFE2197384E700B77AF2 /* LearnGitTests.m */,
				6ED9CFDD197384E700B77AF2 /* Supporting Files */,
			);
			path = LearnGitTests;
			sourceTree = "<group>";
		};
		6ED9CFDD197384E700B77AF2 /* Supporting Files */ = {
			isa = PBXGroup;
			children = (
				6ED9CFDE197384E700B77AF2 /* LearnGitTests-Info.plist */,
				6ED9CFDF197384E700B77AF2 /* InfoPlist.strings */,
			);
			name = "Supporting Files";
			sourceTree = "<group>";
		};
/* End PBXGroup section */

/* Begin PBXNativeTarget section */
		6ED9CFB3197384E700B77AF2 /* LearnGit */ = {
			isa = PBXNativeTarget;
			buildConfigurationList = 6ED9CFE6197384E700B77AF2 /* Build configuration list for PBXNativeTarget "LearnGit" */;
			buildPhases = (
				6ED9CFB0197384E700B77AF2 /* Sources */,
				6ED9CFB1197384E700B77AF2 /* Frameworks */,
				6ED9CFB2197384E700B77AF2 /* Resources */,
			);
			buildRules = (
			);
			dependencies = (
			);
			name = LearnGit;
			productName = LearnGit;
			productReference = 6ED9CFB4197384E700B77AF2 /* LearnGit.app */;
			productType = "com.apple.product-type.application";
		};
		6ED9CFD4197384E700B77AF2 /* LearnGitTests */ = {
			isa = PBXNativeTarget;
			buildConfigurationList = 6ED9CFE9197384E700B77AF2 /* Build configuration list for PBXNativeTarget "LearnGitTests" */;
			buildPhases = (
				6ED9CFD1197384E700B77AF2 /* Sources */,
				6ED9CFD2197384E700B77AF2 /* Frameworks */,
				6ED9CFD3197384E700B77AF2 /* Resources */,
			);
			buildRules = (
			);
			dependencies = (
				6ED9CFDB197384E700B77AF2 /* PBXTargetDependency */,
			);
			name = LearnGitTests;
			productName = LearnGitTests;
			productReference = 6ED9CFD5197384E700B77AF2 /* LearnGitTests.xctest */;
			productType = "com.apple.product-type.bundle.unit-test";
		};
/* End PBXNativeTarget section */

/* Begin PBXProject section */
		6ED9CFAC197384E700B77AF2 /* Project object */ = {
			isa = PBXProject;
			attributes = {
				CLASSPREFIX = CE;
				LastUpgradeCheck = 0510;
				ORGANIZATIONNAME = celink;
				TargetAttributes = {
					6ED9CFD4197384E700B77AF2 = {
						TestTargetID = 6ED9CFB3197384E700B77AF2;
					};
				};
			};
			buildConfigurationList = 6ED9CFAF197384E700B77AF2 /* Build configuration list for PBXProject "LearnGit" */;
			compatibilityVersion = "Xcode 3.2";
			developmentRegion = English;
			hasScannedForEncodings = 0;
			knownRegions = (
				en,
				Base,
			);
			mainGroup = 6ED9CFAB197384E700B77AF2;
			productRefGroup = 6ED9CFB5197384E700B77AF2 /* Products */;
			projectDirPath = "";
			projectRoot = "";
			targets = (
				6ED9CFB3197384E700B77AF2 /* LearnGit */,
				6ED9CFD4197384E700B77AF2 /* LearnGitTests */,
			);
		};
/* End PBXProject section */

/* Begin PBXResourcesBuildPhase section */
		6ED9CFB2197384E700B77AF2 /* Resources */ = {
			isa = PBXResourcesBuildPhase;
			buildActionMask = 2147483647;
			files = (
				6ED9CFD0197384E700B77AF2 /* Images.xcassets in Resources */,
				6ED9CFC2197384E700B77AF2 /* InfoPlist.strings in Resources */,
				6ED9CFCB197384E700B77AF2 /* Main.storyboard in Resources */,
			);
			runOnlyForDeploymentPostprocessing = 0;
		};
		6ED9CFD3197384E700B77AF2 /* Resources */ = {
			isa = PBXResourcesBuildPhase;
			buildActionMask = 2147483647;
			files = (
				6ED9CFE1197384E700B77AF2 /* InfoPlist.strings in Resources */,
			);
			runOnlyForDeploymentPostprocessing = 0;
		};
/* End PBXResourcesBuildPhase section */

/* Begin PBXSourcesBuildPhase section */
		6ED9CFB0197384E700B77AF2 /* Sources */ = {
			isa = PBXSourcesBuildPhase;
			buildActionMask = 2147483647;
			files = (
				6ED9CFC8197384E700B77AF2 /* CEAppDelegate.m in Sources */,
				6ED9CFF11973A4E500B77AF2 /* CEMainViewController.m in Sources */,
				6ED9CFC4197384E700B77AF2 /* main.m in Sources */,
				6ED9CFCE197384E700B77AF2 /* CEViewController.m in Sources */,
			);
			runOnlyForDeploymentPostprocessing = 0;
		};
		6ED9CFD1197384E700B77AF2 /* Sources */ = {
			isa = PBXSourcesBuildPhase;
			buildActionMask = 2147483647;
			files = (
				6ED9CFE3197384E700B77AF2 /* LearnGitTests.m in Sources */,
			);
			runOnlyForDeploymentPostprocessing = 0;
		};
/* End PBXSourcesBuildPhase section */

/* Begin PBXTargetDependency section */
		6ED9CFDB197384E700B77AF2 /* PBXTargetDependency */ = {
			isa = PBXTargetDependency;
			target = 6ED9CFB3197384E700B77AF2 /* LearnGit */;
			targetProxy = 6ED9CFDA197384E700B77AF2 /* PBXContainerItemProxy */;
		};
/* End PBXTargetDependency section */

/* Begin PBXVariantGroup section */
		6ED9CFC0197384E700B77AF2 /* InfoPlist.strings */ = {
			isa = PBXVariantGroup;
			children = (
				6ED9CFC1197384E700B77AF2 /* en */,
			);
			name = InfoPlist.strings;
			sourceTree = "<group>";
		};
		6ED9CFC9197384E700B77AF2 /* Main.storyboard */ = {
			isa = PBXVariantGroup;
			children = (
				6ED9CFCA197384E700B77AF2 /* Base */,
			);
			name = Main.storyboard;
			sourceTree = "<group>";
		};
		6ED9CFDF197384E700B77AF2 /* InfoPlist.strings */ = {
			isa = PBXVariantGroup;
			children = (
				6ED9CFE0197384E700B77AF2 /* en */,
			);
			name = InfoPlist.strings;
			sourceTree = "<group>";
		};
/* End PBXVariantGroup section */

/* Begin XCBuildConfiguration section */
		6ED9CFE4197384E700B77AF2 /* Debug */ = {
			isa = XCBuildConfiguration;
			buildSettings = {
				ALWAYS_SEARCH_USER_PATHS = NO;
				CLANG_CXX_LANGUAGE_STANDARD = "gnu++0x";
				CLANG_CXX_LIBRARY = "libc++";
				CLANG_ENABLE_MODULES = YES;
				CLANG_ENABLE_OBJC_ARC = YES;
				CLANG_WARN_BOOL_CONVERSION = YES;
				CLANG_WARN_CONSTANT_CONVERSION = YES;
				CLANG_WARN_DIRECT_OBJC_ISA_USAGE = YES_ERROR;
				CLANG_WARN_EMPTY_BODY = YES;
				CLANG_WARN_ENUM_CONVERSION = YES;
				CLANG_WARN_INT_CONVERSION = YES;
				CLANG_WARN_OBJC_ROOT_CLASS = YES_ERROR;
				CLANG_WARN__DUPLICATE_METHOD_MATCH = YES;
				"CODE_SIGN_IDENTITY[sdk=iphoneos*]" = "iPhone Developer";
				COPY_PHASE_STRIP = NO;
				GCC_C_LANGUAGE_STANDARD = gnu99;
				GCC_DYNAMIC_NO_PIC = NO;
				GCC_OPTIMIZATION_LEVEL = 0;
				GCC_PREPROCESSOR_DEFINITIONS = (
					"DEBUG=1",
					"$(inherited)",
				);
				GCC_SYMBOLS_PRIVATE_EXTERN = NO;
				GCC_WARN_64_TO_32_BIT_CONVERSION = YES;
				GCC_WARN_ABOUT_RETURN_TYPE = YES_ERROR;
				GCC_WARN_UNDECLARED_SELECTOR = YES;
				GCC_WARN_UNINITIALIZED_AUTOS = YES_AGGRESSIVE;
				GCC_WARN_UNUSED_FUNCTION = YES;
				GCC_WARN_UNUSED_VARIABLE = YES;
				IPHONEOS_DEPLOYMENT_TARGET = 7.1;
				ONLY_ACTIVE_ARCH = YES;
				SDKROOT = iphoneos;
			};
			name = Debug;
		};
		6ED9CFE5197384E700B77AF2 /* Release */ = {
			isa = XCBuildConfiguration;
			buildSettings = {
				ALWAYS_SEARCH_USER_PATHS = NO;
				CLANG_CXX_LANGUAGE_STANDARD = "gnu++0x";
				CLANG_CXX_LIBRARY = "libc++";
				CLANG_ENABLE_MODULES = YES;
				CLANG_ENABLE_OBJC_ARC = YES;
				CLANG_WARN_BOOL_CONVERSION = YES;
				CLANG_WARN_CONSTANT_CONVERSION = YES;
				CLANG_WARN_DIRECT_OBJC_ISA_USAGE = YES_ERROR;
				CLANG_WARN_EMPTY_BODY = YES;
				CLANG_WARN_ENUM_CONVERSION = YES;
				CLANG_WARN_INT_CONVERSION = YES;
				CLANG_WARN_OBJC_ROOT_CLASS = YES_ERROR;
				CLANG_WARN__DUPLICATE_METHOD_MATCH = YES;
				"CODE_SIGN_IDENTITY[sdk=iphoneos*]" = "iPhone Developer";
				COPY_PHASE_STRIP = YES;
				ENABLE_NS_ASSERTIONS = NO;
				GCC_C_LANGUAGE_STANDARD = gnu99;
				GCC_WARN_64_TO_32_BIT_CONVERSION = YES;
				GCC_WARN_ABOUT_RETURN_TYPE = YES_ERROR;
				GCC_WARN_UNDECLARED_SELECTOR = YES;
				GCC_WARN_UNINITIALIZED_AUTOS = YES_AGGRESSIVE;
				GCC_WARN_UNUSED_FUNCTION = YES;
				GCC_WARN_UNUSED_VARIABLE = YES;
				IPHONEOS_DEPLOYMENT_TARGET = 7.1;
				SDKROOT = iphoneos;
				VALIDATE_PRODUCT = YES;
			};
			name = Release;
		};
		6ED9CFE7197384E700B77AF2 /* Debug */ = {
			isa = XCBuildConfiguration;
			buildSettings = {
				ASSETCATALOG_COMPILER_APPICON_NAME = AppIcon;
				ASSETCATALOG_COMPILER_LAUNCHIMAGE_NAME = LaunchImage;
				GCC_PRECOMPILE_PREFIX_HEADER = YES;
				GCC_PREFIX_HEADER = "LearnGit/LearnGit-Prefix.pch";
				INFOPLIST_FILE = "LearnGit/LearnGit-Info.plist";
				IPHONEOS_DEPLOYMENT_TARGET = 6.0;
				PRODUCT_NAME = "$(TARGET_NAME)";
				WRAPPER_EXTENSION = app;
			};
			name = Debug;
		};
		6ED9CFE8197384E700B77AF2 /* Release */ = {
			isa = XCBuildConfiguration;
			buildSettings = {
				ASSETCATALOG_COMPILER_APPICON_NAME = AppIcon;
				ASSETCATALOG_COMPILER_LAUNCHIMAGE_NAME = LaunchImage;
				GCC_PRECOMPILE_PREFIX_HEADER = YES;
				GCC_PREFIX_HEADER = "LearnGit/LearnGit-Prefix.pch";
				INFOPLIST_FILE = "LearnGit/LearnGit-Info.plist";
				IPHONEOS_DEPLOYMENT_TARGET = 6.0;
				PRODUCT_NAME = "$(TARGET_NAME)";
				WRAPPER_EXTENSION = app;
			};
			name = Release;
		};
		6ED9CFEA197384E700B77AF2 /* Debug */ = {
			isa = XCBuildConfiguration;
			buildSettings = {
				BUNDLE_LOADER = "$(BUILT_PRODUCTS_DIR)/LearnGit.app/LearnGit";
				FRAMEWORK_SEARCH_PATHS = (
					"$(SDKROOT)/Developer/Library/Frameworks",
					"$(inherited)",
					"$(DEVELOPER_FRAMEWORKS_DIR)",
				);
				GCC_PRECOMPILE_PREFIX_HEADER = YES;
				GCC_PREFIX_HEADER = "LearnGit/LearnGit-Prefix.pch";
				GCC_PREPROCESSOR_DEFINITIONS = (
					"DEBUG=1",
					"$(inherited)",
				);
				INFOPLIST_FILE = "LearnGitTests/LearnGitTests-Info.plist";
				PRODUCT_NAME = "$(TARGET_NAME)";
				TEST_HOST = "$(BUNDLE_LOADER)";
				WRAPPER_EXTENSION = xctest;
			};
			name = Debug;
		};
		6ED9CFEB197384E700B77AF2 /* Release */ = {
			isa = XCBuildConfiguration;
			buildSettings = {
				BUNDLE_LOADER = "$(BUILT_PRODUCTS_DIR)/LearnGit.app/LearnGit";
				FRAMEWORK_SEARCH_PATHS = (
					"$(SDKROOT)/Developer/Library/Frameworks",
					"$(inherited)",
					"$(DEVELOPER_FRAMEWORKS_DIR)",
				);
				GCC_PRECOMPILE_PREFIX_HEADER = YES;
				GCC_PREFIX_HEADER = "LearnGit/LearnGit-Prefix.pch";
				INFOPLIST_FILE = "LearnGitTests/LearnGitTests-Info.plist";
				PRODUCT_NAME = "$(TARGET_NAME)";
				TEST_HOST = "$(BUNDLE_LOADER)";
				WRAPPER_EXTENSION = xctest;
			};
			name = Release;
		};
/* End XCBuildConfiguration section */

/* Begin XCConfigurationList section */
		6ED9CFAF197384E700B77AF2 /* Build configuration list for PBXProject "LearnGit" */ = {
			isa = XCConfigurationList;
			buildConfigurations = (
				6ED9CFE4197384E700B77AF2 /* Debug */,
				6ED9CFE5197384E700B77AF2 /* Release */,
			);
			defaultConfigurationIsVisible = 0;
			defaultConfigurationName = Release;
		};
		6ED9CFE6197384E700B77AF2 /* Build configuration list for PBXNativeTarget "LearnGit" */ = {
			isa = XCConfigurationList;
			buildConfigurations = (
				6ED9CFE7197384E700B77AF2 /* Debug */,
				6ED9CFE8197384E700B77AF2 /* Release */,
			);
			defaultConfigurationIsVisible = 0;
			defaultConfigurationName = Release;
		};
		6ED9CFE9197384E700B77AF2 /* Build configuration list for PBXNativeTarget "LearnGitTests" */ = {
			isa = XCConfigurationList;
			buildConfigurations = (
				6ED9CFEA197384E700B77AF2 /* Debug */,
				6ED9CFEB197384E700B77AF2 /* Release */,
			);
			defaultConfigurationIsVisible = 0;
			defaultConfigurationName = Release;
		};
/* End XCConfigurationList section */
	};
	rootObject = 6ED9CFAC197384E700B77AF2 /* Project object */;
}
